
Microsoft Visual Studio Solution File, Format Version 12.00
# Visual Studio Version 17
VisualStudioVersion = 17.10.35013.160
MinimumVisualStudioVersion = 10.0.40219.1
Project("{FAE04EC0-301F-11D3-BF4B-00C04F79EFBC}") = "HangManProject", "HangManProject.csproj", "{681CC674-483F-4BF0-AF0E-12C3E7CC0A95}"
EndProject
Global
	GlobalSection(SolutionConfigurationPlatforms) = preSolution
		Debug|Any CPU = Debug|Any CPU
		Release|Any CPU = Release|Any CPU
	EndGlobalSection
	GlobalSection(ProjectConfigurationPlatforms) = postSolution
		{681CC674-483F-4BF0-AF0E-12C3E7CC0A95}.Debug|Any CPU.ActiveCfg = Debug|Any CPU
		{681CC674-483F-4BF0-AF0E-12C3E7CC0A95}.Debug|Any CPU.Build.0 = Debug|Any CPU
		{681CC674-483F-4BF0-AF0E-12C3E7CC0A95}.Release|Any CPU.ActiveCfg = Release|Any CPU
		{681CC674-483F-4BF0-AF0E-12C3E7CC0A95}.Release|Any CPU.Build.0 = Release|Any CPU
	EndGlobalSection
	GlobalSection(SolutionProperties) = preSolution
		HideSolutionNode = FALSE
	EndGlobalSection
	GlobalSection(ExtensibilityGlobals) = postSolution
		SolutionGuid = {A5C16D23-DF4B-45C2-B8AA-7D956DD4BA59}
	EndGlobalSection
EndGlobal
